// !$*UTF8*$!
{
	archiveVersion = 1;
	classes = {
	};
	objectVersion = 46;
	objects = {

/* Begin PBXBuildFile section */
		B557E2641B1D0B5C00AF90BA /* main.m in Sources */ = {isa = PBXBuildFile; fileRef = B557E2631B1D0B5C00AF90BA /* main.m */; };
		B557E2671B1D0B5C00AF90BA /* AppDelegate.m in Sources */ = {isa = PBXBuildFile; fileRef = B557E2661B1D0B5C00AF90BA /* AppDelegate.m */; };
		B557E26A1B1D0B5C00AF90BA /* ViewController.m in Sources */ = {isa = PBXBuildFile; fileRef = B557E2691B1D0B5C00AF90BA /* ViewController.m */; };
		B557E26D1B1D0B5C00AF90BA /* Main.storyboard in Resources */ = {isa = PBXBuildFile; fileRef = B557E26B1B1D0B5C00AF90BA /* Main.storyboard */; };
		B557E26F1B1D0B5C00AF90BA /* Images.xcassets in Resources */ = {isa = PBXBuildFile; fileRef = B557E26E1B1D0B5C00AF90BA /* Images.xcassets */; };
		B557E2721B1D0B5C00AF90BA /* LaunchScreen.xib in Resources */ = {isa = PBXBuildFile; fileRef = B557E2701B1D0B5C00AF90BA /* LaunchScreen.xib */; };
		B557E27E1B1D0B5C00AF90BA /* RoadtripTrackerTests.m in Sources */ = {isa = PBXBuildFile; fileRef = B557E27D1B1D0B5C00AF90BA /* RoadtripTrackerTests.m */; };
		B557E2881B1D0C6400AF90BA /* CoreLocation.framework in Frameworks */ = {isa = PBXBuildFile; fileRef = B557E2871B1D0C6400AF90BA /* CoreLocation.framework */; };
		B557E28A1B1D0C6A00AF90BA /* MapKit.framework in Frameworks */ = {isa = PBXBuildFile; fileRef = B557E2891B1D0C6A00AF90BA /* MapKit.framework */; };
/* End PBXBuildFile section */

/* Begin PBXContainerItemProxy section */
		B557E2781B1D0B5C00AF90BA /* PBXContainerItemProxy */ = {
			isa = PBXContainerItemProxy;
			containerPortal = B557E2561B1D0B5C00AF90BA /* Project object */;
			proxyType = 1;
			remoteGlobalIDString = B557E25D1B1D0B5C00AF90BA;
			remoteInfo = RoadtripTracker;
		};
/* End PBXContainerItemProxy section */

/* Begin PBXFileReference section */
		B557E25E1B1D0B5C00AF90BA /* RoadtripTracker.app */ = {isa = PBXFileReference; explicitFileType = wrapper.application; includeInIndex = 0; path = RoadtripTracker.app; sourceTree = BUILT_PRODUCTS_DIR; };
		B557E2621B1D0B5C00AF90BA /* Info.plist */ = {isa = PBXFileReference; lastKnownFileType = text.plist.xml; path = Info.plist; sourceTree = "<group>"; };
		B557E2631B1D0B5C00AF90BA /* main.m */ = {isa = PBXFileReference; lastKnownFileType = sourcecode.c.objc; path = main.m; sourceTree = "<group>"; };
		B557E2651B1D0B5C00AF90BA /* AppDelegate.h */ = {isa = PBXFileReference; lastKnownFileType = sourcecode.c.h; path = AppDelegate.h; sourceTree = "<group>"; };
		B557E2661B1D0B5C00AF90BA /* AppDelegate.m */ = {isa = PBXFileReference; lastKnownFileType = sourcecode.c.objc; path = AppDelegate.m; sourceTree = "<group>"; };
		B557E2681B1D0B5C00AF90BA /* ViewController.h */ = {isa = PBXFileReference; lastKnownFileType = sourcecode.c.h; path = ViewController.h; sourceTree = "<group>"; };
		B557E2691B1D0B5C00AF90BA /* ViewController.m */ = {isa = PBXFileReference; lastKnownFileType = sourcecode.c.objc; path = ViewController.m; sourceTree = "<group>"; };
		B557E26C1B1D0B5C00AF90BA /* Base */ = {isa = PBXFileReference; lastKnownFileType = file.storyboard; name = Base; path = Base.lproj/Main.storyboard; sourceTree = "<group>"; };
		B557E26E1B1D0B5C00AF90BA /* Images.xcassets */ = {isa = PBXFileReference; lastKnownFileType = folder.assetcatalog; path = Images.xcassets; sourceTree = "<group>"; };
		B557E2711B1D0B5C00AF90BA /* Base */ = {isa = PBXFileReference; lastKnownFileType = file.xib; name = Base; path = Base.lproj/LaunchScreen.xib; sourceTree = "<group>"; };
		B557E2771B1D0B5C00AF90BA /* RoadtripTrackerTests.xctest */ = {isa = PBXFileReference; explicitFileType = wrapper.cfbundle; includeInIndex = 0; path = RoadtripTrackerTests.xctest; sourceTree = BUILT_PRODUCTS_DIR; };
		B557E27C1B1D0B5C00AF90BA /* Info.plist */ = {isa = PBXFileReference; lastKnownFileType = text.plist.xml; path = Info.plist; sourceTree = "<group>"; };
		B557E27D1B1D0B5C00AF90BA /* RoadtripTrackerTests.m */ = {isa = PBXFileReference; lastKnownFileType = sourcecode.c.objc; path = RoadtripTrackerTests.m; sourceTree = "<group>"; };
		B557E2871B1D0C6400AF90BA /* CoreLocation.framework */ = {isa = PBXFileReference; lastKnownFileType = wrapper.framework; name = CoreLocation.framework; path = System/Library/Frameworks/CoreLocation.framework; sourceTree = SDKROOT; };
		B557E2891B1D0C6A00AF90BA /* MapKit.framework */ = {isa = PBXFileReference; lastKnownFileType = wrapper.framework; name = MapKit.framework; path = System/Library/Frameworks/MapKit.framework; sourceTree = SDKROOT; };
/* End PBXFileReference section */

/* Begin PBXFrameworksBuildPhase section */
		B557E25B1B1D0B5C00AF90BA /* Frameworks */ = {
			isa = PBXFrameworksBuildPhase;
			buildActionMask = 2147483647;
			files = (
				B557E28A1B1D0C6A00AF90BA /* MapKit.framework in Frameworks */,
				B557E2881B1D0C6400AF90BA /* CoreLocation.framework in Frameworks */,
			);
			runOnlyForDeploymentPostprocessing = 0;
		};
		B557E2741B1D0B5C00AF90BA /* Frameworks */ = {
			isa = PBXFrameworksBuildPhase;
			buildActionMask = 2147483647;
			files = (
			);
			runOnlyForDeploymentPostprocessing = 0;
		};
/* End PBXFrameworksBuildPhase section */

/* Begin PBXGroup section */
		B557E2551B1D0B5C00AF90BA = {
			isa = PBXGroup;
			children = (
				B557E2891B1D0C6A00AF90BA /* MapKit.framework */,
				B557E2871B1D0C6400AF90BA /* CoreLocation.framework */,
				B557E2601B1D0B5C00AF90BA /* RoadtripTracker */,
				B557E27A1B1D0B5C00AF90BA /* RoadtripTrackerTests */,
				B557E25F1B1D0B5C00AF90BA /* Products */,
			);
			sourceTree = "<group>";
		};
		B557E25F1B1D0B5C00AF90BA /* Products */ = {
			isa = PBXGroup;
			children = (
				B557E25E1B1D0B5C00AF90BA /* RoadtripTracker.app */,
				B557E2771B1D0B5C00AF90BA /* RoadtripTrackerTests.xctest */,
			);
			name = Products;
			sourceTree = "<group>";
		};
		B557E2601B1D0B5C00AF90BA /* RoadtripTracker */ = {
			isa = PBXGroup;
			children = (
				B557E2651B1D0B5C00AF90BA /* AppDelegate.h */,
				B557E2661B1D0B5C00AF90BA /* AppDelegate.m */,
				B557E2681B1D0B5C00AF90BA /* ViewController.h */,
				B557E2691B1D0B5C00AF90BA /* ViewController.m */,
				B557E26B1B1D0B5C00AF90BA /* Main.storyboard */,
				B557E26E1B1D0B5C00AF90BA /* Images.xcassets */,
				B557E2701B1D0B5C00AF90BA /* LaunchScreen.xib */,
				B557E2611B1D0B5C00AF90BA /* Supporting Files */,
			);
			path = RoadtripTracker;
			sourceTree = "<group>";
		};
		B557E2611B1D0B5C00AF90BA /* Supporting Files */ = {
			isa = PBXGroup;
			children = (
				B557E2621B1D0B5C00AF90BA /* Info.plist */,
				B557E2631B1D0B5C00AF90BA /* main.m */,
			);
			name = "Supporting Files";
			sourceTree = "<group>";
		};
		B557E27A1B1D0B5C00AF90BA /* RoadtripTrackerTests */ = {
			isa = PBXGroup;
			children = (
				B557E27D1B1D0B5C00AF90BA /* RoadtripTrackerTests.m */,
				B557E27B1B1D0B5C00AF90BA /* Supporting Files */,
			);
			path = RoadtripTrackerTests;
			sourceTree = "<group>";
		};
		B557E27B1B1D0B5C00AF90BA /* Supporting Files */ = {
			isa = PBXGroup;
			children = (
				B557E27C1B1D0B5C00AF90BA /* Info.plist */,
			);
			name = "Supporting Files";
			sourceTree = "<group>";
		};
/* End PBXGroup section */

/* Begin PBXNativeTarget section */
		B557E25D1B1D0B5C00AF90BA /* RoadtripTracker */ = {
			isa = PBXNativeTarget;
			buildConfigurationList = B557E2811B1D0B5C00AF90BA /* Build configuration list for PBXNativeTarget "RoadtripTracker" */;
			buildPhases = (
				B557E25A1B1D0B5C00AF90BA /* Sources */,
				B557E25B1B1D0B5C00AF90BA /* Frameworks */,
				B557E25C1B1D0B5C00AF90BA /* Resources */,
			);
			buildRules = (
			);
			dependencies = (
			);
			name = RoadtripTracker;
			productName = RoadtripTracker;
			productReference = B557E25E1B1D0B5C00AF90BA /* RoadtripTracker.app */;
			productType = "com.apple.product-type.application";
		};
		B557E2761B1D0B5C00AF90BA /* RoadtripTrackerTests */ = {
			isa = PBXNativeTarget;
			buildConfigurationList = B557E2841B1D0B5C00AF90BA /* Build configuration list for PBXNativeTarget "RoadtripTrackerTests" */;
			buildPhases = (
				B557E2731B1D0B5C00AF90BA /* Sources */,
				B557E2741B1D0B5C00AF90BA /* Frameworks */,
				B557E2751B1D0B5C00AF90BA /* Resources */,
			);
			buildRules = (
			);
			dependencies = (
				B557E2791B1D0B5C00AF90BA /* PBXTargetDependency */,
			);
			name = RoadtripTrackerTests;
			productName = RoadtripTrackerTests;
			productReference = B557E2771B1D0B5C00AF90BA /* RoadtripTrackerTests.xctest */;
			productType = "com.apple.product-type.bundle.unit-test";
		};
/* End PBXNativeTarget section */

/* Begin PBXProject section */
		B557E2561B1D0B5C00AF90BA /* Project object */ = {
			isa = PBXProject;
			attributes = {
				LastUpgradeCheck = 0610;
				ORGANIZATIONNAME = "Alain ";
				TargetAttributes = {
					B557E25D1B1D0B5C00AF90BA = {
						CreatedOnToolsVersion = 6.1.1;
					};
					B557E2761B1D0B5C00AF90BA = {
						CreatedOnToolsVersion = 6.1.1;
						TestTargetID = B557E25D1B1D0B5C00AF90BA;
					};
				};
			};
			buildConfigurationList = B557E2591B1D0B5C00AF90BA /* Build configuration list for PBXProject "RoadtripTracker" */;
			compatibilityVersion = "Xcode 3.2";
			developmentRegion = English;
			hasScannedForEncodings = 0;
			knownRegions = (
				en,
				Base,
			);
			mainGroup = B557E2551B1D0B5C00AF90BA;
			productRefGroup = B557E25F1B1D0B5C00AF90BA /* Products */;
			projectDirPath = "";
			projectRoot = "";
			targets = (
				B557E25D1B1D0B5C00AF90BA /* RoadtripTracker */,
				B557E2761B1D0B5C00AF90BA /* RoadtripTrackerTests */,
			);
		};
/* End PBXProject section */

/* Begin PBXResourcesBuildPhase section */
		B557E25C1B1D0B5C00AF90BA /* Resources */ = {
			isa = PBXResourcesBuildPhase;
			buildActionMask = 2147483647;
			files = (
				B557E26D1B1D0B5C00AF90BA /* Main.storyboard in Resources */,
				B557E2721B1D0B5C00AF90BA /* LaunchScreen.xib in Resources */,
				B557E26F1B1D0B5C00AF90BA /* Images.xcassets in Resources */,
			);
			runOnlyForDeploymentPostprocessing = 0;
		};
		B557E2751B1D0B5C00AF90BA /* Resources */ = {
			isa = PBXResourcesBuildPhase;
			buildActionMask = 2147483647;
			files = (
			);
			runOnlyForDeploymentPostprocessing = 0;
		};
/* End PBXResourcesBuildPhase section */

/* Begin PBXSourcesBuildPhase section */
		B557E25A1B1D0B5C00AF90BA /* Sources */ = {
			isa = PBXSourcesBuildPhase;
			buildActionMask = 2147483647;
			files = (
				B557E26A1B1D0B5C00AF90BA /* ViewController.m in Sources */,
				B557E2671B1D0B5C00AF90BA /* AppDelegate.m in Sources */,
				B557E2641B1D0B5C00AF90BA /* main.m in Sources */,
			);
			runOnlyForDeploymentPostprocessing = 0;
		};
		B557E2731B1D0B5C00AF90BA /* Sources */ = {
			isa = PBXSourcesBuildPhase;
			buildActionMask = 2147483647;
			files = (
				B557E27E1B1D0B5C00AF90BA /* RoadtripTrackerTests.m in Sources */,
			);
			runOnlyForDeploymentPostprocessing = 0;
		};
/* End PBXSourcesBuildPhase section */

/* Begin PBXTargetDependency section */
		B557E2791B1D0B5C00AF90BA /* PBXTargetDependency */ = {
			isa = PBXTargetDependency;
			target = B557E25D1B1D0B5C00AF90BA /* RoadtripTracker */;
			targetProxy = B557E2781B1D0B5C00AF90BA /* PBXContainerItemProxy */;
		};
/* End PBXTargetDependency section */

/* Begin PBXVariantGroup section */
		B557E26B1B1D0B5C00AF90BA /* Main.storyboard */ = {
			isa = PBXVariantGroup;
			children = (
				B557E26C1B1D0B5C00AF90BA /* Base */,
			);
			name = Main.storyboard;
			sourceTree = "<group>";
		};
		B557E2701B1D0B5C00AF90BA /* LaunchScreen.xib */ = {
			isa = PBXVariantGroup;
			children = (
				B557E2711B1D0B5C00AF90BA /* Base */,
			);
			name = LaunchScreen.xib;
			sourceTree = "<group>";
		};
/* End PBXVariantGroup section */

/* Begin XCBuildConfiguration section */
		B557E27F1B1D0B5C00AF90BA /* Debug */ = {
			isa = XCBuildConfiguration;
			buildSettings = {
				ALWAYS_SEARCH_USER_PATHS = NO;
				CLANG_CXX_LANGUAGE_STANDARD = "gnu++0x";
				CLANG_CXX_LIBRARY = "libc++";
				CLANG_ENABLE_MODULES = YES;
				CLANG_ENABLE_OBJC_ARC = YES;
				CLANG_WARN_BOOL_CONVERSION = YES;
				CLANG_WARN_CONSTANT_CONVERSION = YES;
				CLANG_WARN_DIRECT_OBJC_ISA_USAGE = YES_ERROR;
				CLANG_WARN_EMPTY_BODY = YES;
				CLANG_WARN_ENUM_CONVERSION = YES;
				CLANG_WARN_INT_CONVERSION = YES;
				CLANG_WARN_OBJC_ROOT_CLASS = YES_ERROR;
				CLANG_WARN_UNREACHABLE_CODE = YES;
				CLANG_WARN__DUPLICATE_METHOD_MATCH = YES;
				"CODE_SIGN_IDENTITY[sdk=iphoneos*]" = "iPhone Developer";
				COPY_PHASE_STRIP = NO;
				ENABLE_STRICT_OBJC_MSGSEND = YES;
				GCC_C_LANGUAGE_STANDARD = gnu99;
				GCC_DYNAMIC_NO_PIC = NO;
				GCC_OPTIMIZATION_LEVEL = 0;
				GCC_PREPROCESSOR_DEFINITIONS = (
					"DEBUG=1",
					"$(inherited)",
				);
				GCC_SYMBOLS_PRIVATE_EXTERN = NO;
				GCC_WARN_64_TO_32_BIT_CONVERSION = YES;
				GCC_WARN_ABOUT_RETURN_TYPE = YES_ERROR;
				GCC_WARN_UNDECLARED_SELECTOR = YES;
				GCC_WARN_UNINITIALIZED_AUTOS = YES_AGGRESSIVE;
				GCC_WARN_UNUSED_FUNCTION = YES;
				GCC_WARN_UNUSED_VARIABLE = YES;
				IPHONEOS_DEPLOYMENT_TARGET = 8.1;
				MTL_ENABLE_DEBUG_INFO = YES;
				ONLY_ACTIVE_ARCH = YES;
				SDKROOT = iphoneos;
			};
			name = Debug;
		};
		B557E2801B1D0B5C00AF90BA /* Release */ = {
			isa = XCBuildConfiguration;
			buildSettings = {
				ALWAYS_SEARCH_USER_PATHS = NO;
				CLANG_CXX_LANGUAGE_STANDARD = "gnu++0x";
				CLANG_CXX_LIBRARY = "libc++";
				CLANG_ENABLE_MODULES = YES;
				CLANG_ENABLE_OBJC_ARC = YES;
				CLANG_WARN_BOOL_CONVERSION = YES;
				CLANG_WARN_CONSTANT_CONVERSION = YES;
				CLANG_WARN_DIRECT_OBJC_ISA_USAGE = YES_ERROR;
				CLANG_WARN_EMPTY_BODY = YES;
				CLANG_WARN_ENUM_CONVERSION = YES;
				CLANG_WARN_INT_CONVERSION = YES;
				CLANG_WARN_OBJC_ROOT_CLASS = YES_ERROR;
				CLANG_WARN_UNREACHABLE_CODE = YES;
				CLANG_WARN__DUPLICATE_METHOD_MATCH = YES;
				"CODE_SIGN_IDENTITY[sdk=iphoneos*]" = "iPhone Developer";
				COPY_PHASE_STRIP = YES;
				ENABLE_NS_ASSERTIONS = NO;
				ENABLE_STRICT_OBJC_MSGSEND = YES;
				GCC_C_LANGUAGE_STANDARD = gnu99;
				GCC_WARN_64_TO_32_BIT_CONVERSION = YES;
				GCC_WARN_ABOUT_RETURN_TYPE = YES_ERROR;
				GCC_WARN_UNDECLARED_SELECTOR = YES;
				GCC_WARN_UNINITIALIZED_AUTOS = YES_AGGRESSIVE;
				GCC_WARN_UNUSED_FUNCTION = YES;
				GCC_WARN_UNUSED_VARIABLE = YES;
				IPHONEOS_DEPLOYMENT_TARGET = 8.1;
				MTL_ENABLE_DEBUG_INFO = NO;
				SDKROOT = iphoneos;
				VALIDATE_PRODUCT = YES;
			};
			name = Release;
		};
		B557E2821B1D0B5C00AF90BA /* Debug */ = {
			isa = XCBuildConfiguration;
			buildSettings = {
				ASSETCATALOG_COMPILER_APPICON_NAME = AppIcon;
				INFOPLIST_FILE = RoadtripTracker/Info.plist;
				LD_RUNPATH_SEARCH_PATHS = "$(inherited) @executable_path/Frameworks";
				PRODUCT_NAME = "$(TARGET_NAME)";
			};
			name = Debug;
		};
		B557E2831B1D0B5C00AF90BA /* Release */ = {
			isa = XCBuildConfiguration;
			buildSettings = {
				ASSETCATALOG_COMPILER_APPICON_NAME = AppIcon;
				INFOPLIST_FILE = RoadtripTracker/Info.plist;
				LD_RUNPATH_SEARCH_PATHS = "$(inherited) @executable_path/Frameworks";
				PRODUCT_NAME = "$(TARGET_NAME)";
			};
			name = Release;
		};
		B557E2851B1D0B5C00AF90BA /* Debug */ = {
			isa = XCBuildConfiguration;
			buildSettings = {
				BUNDLE_LOADER = "$(TEST_HOST)";
				FRAMEWORK_SEARCH_PATHS = (
					"$(SDKROOT)/Developer/Library/Frameworks",
					"$(inherited)",
				);
				GCC_PREPROCESSOR_DEFINITIONS = (
					"DEBUG=1",
					"$(inherited)",
				);
				INFOPLIST_FILE = RoadtripTrackerTests/Info.plist;
				LD_RUNPATH_SEARCH_PATHS = "$(inherited) @executable_path/Frameworks @loader_path/Frameworks";
				PRODUCT_NAME = "$(TARGET_NAME)";
				TEST_HOST = "$(BUILT_PRODUCTS_DIR)/RoadtripTracker.app/RoadtripTracker";
			};
			name = Debug;
		};
		B557E2861B1D0B5C00AF90BA /* Release */ = {
			isa = XCBuildConfiguration;
			buildSettings = {
				BUNDLE_LOADER = "$(TEST_HOST)";
				FRAMEWORK_SEARCH_PATHS = (
					"$(SDKROOT)/Developer/Library/Frameworks",
					"$(inherited)",
				);
				INFOPLIST_FILE = RoadtripTrackerTests/Info.plist;
				LD_RUNPATH_SEARCH_PATHS = "$(inherited) @executable_path/Frameworks @loader_path/Frameworks";
				PRODUCT_NAME = "$(TARGET_NAME)";
				TEST_HOST = "$(BUILT_PRODUCTS_DIR)/RoadtripTracker.app/RoadtripTracker";
			};
			name = Release;
		};
/* End XCBuildConfiguration section */

/* Begin XCConfigurationList section */
		B557E2591B1D0B5C00AF90BA /* Build configuration list for PBXProject "RoadtripTracker" */ = {
			isa = XCConfigurationList;
			buildConfigurations = (
				B557E27F1B1D0B5C00AF90BA /* Debug */,
				B557E2801B1D0B5C00AF90BA /* Release */,
			);
			defaultConfigurationIsVisible = 0;
			defaultConfigurationName = Release;
		};
		B557E2811B1D0B5C00AF90BA /* Build configuration list for PBXNativeTarget "RoadtripTracker" */ = {
			isa = XCConfigurationList;
			buildConfigurations = (
				B557E2821B1D0B5C00AF90BA /* Debug */,
				B557E2831B1D0B5C00AF90BA /* Release */,
			);
			defaultConfigurationIsVisible = 0;
		};
		B557E2841B1D0B5C00AF90BA /* Build configuration list for PBXNativeTarget "RoadtripTrackerTests" */ = {
			isa = XCConfigurationList;
			buildConfigurations = (
				B557E2851B1D0B5C00AF90BA /* Debug */,
				B557E2861B1D0B5C00AF90BA /* Release */,
			);
			defaultConfigurationIsVisible = 0;
		};
/* End XCConfigurationList section */
	};
	rootObject = B557E2561B1D0B5C00AF90BA /* Project object */;
}
